{
  "name": "tree-sitter-fsl",
  "version": "0.1.0",
  "lockfileVersion": 3,
  "requires": true,
  "packages": {
    "": {
      "name": "tree-sitter-fsl",
      "version": "0.1.0",
      "dependencies": {
        "node-addon-api": "^8.3.1",
        "node-gyp-build": "^4.8.4"
      },
      "devDependencies": {
        "@biomejs/biome": "2.5.14",
        "@hegeldev/hegel": "^0.4.6",
        "tree-sitter": "^0.25.1",
        "tree-sitter-cli": "^0.25.10"
      }
    },
    "node_modules/@biomejs/biome": {
      "version": "2.5.14",
      "resolved": "https://registry.npmjs.org/@biomejs/biome/-/biome-2.5.14.tgz",
      "integrity": "sha512-0FabLIjd4M/dm8VFI86RMaLLdgepzbdfiAL2R8cr7V81OYYrP1w7Z73KfAwPK5h9SrEBXTzNG2y+mBwPo9xRnw==",
      "dev": true,
      "license": "MIT OR Apache-2.0",
      "bin": {
        "biome": "bin/biome"
      },
      "engines": {
        "node": ">=14.21.3"
      },
      "funding": {
        "type": "opencollective",
        "url": "https://opencollective.com/biome"
      },
      "optionalDependencies": {
        "@biomejs/cli-darwin-arm64": "2.5.14",
        "@biomejs/cli-darwin-x64": "2.5.14",
        "@biomejs/cli-linux-arm64": "2.5.14",
        "@biomejs/cli-linux-arm64-musl": "2.5.14",
        "@biomejs/cli-linux-x64": "2.5.14",
        "@biomejs/cli-linux-x64-musl": "2.5.14",
        "@biomejs/cli-win32-arm64": "2.5.14",
        "@biomejs/cli-win32-x64": "2.5.14"
      }
    },
    "node_modules/@biomejs/cli-darwin-arm64": {
      "version": "2.5.14",
      "resolved": "https://registry.npmjs.org/@biomejs/cli-darwin-arm64/-/cli-darwin-arm64-2.5.14.tgz",
      "integrity": "sha512-UnzaXO65L4tsZimFITFP2M121GyhDcWFrT3pL5ZJ5U4XcS/0L5VHYytVohdCf/gnDUFHgl2I9xnt5bV/J1kxHQ==",
      "cpu": [
        "arm64"
      ],
      "dev": true,
      "license": "MIT OR Apache-2.0",
      "optional": true,
      "os": [
        "darwin"
      ],
      "engines": {
        "node": ">=14.21.3"
      }
    },
    "node_modules/@biomejs/cli-darwin-x64": {
      "version": "2.5.14",
      "resolved": "https://registry.npmjs.org/@biomejs/cli-darwin-x64/-/cli-darwin-x64-2.5.14.tgz",
      "integrity": "sha512-kiy8qA16K93J7uvFfWi4LgjqDpnRKyePAna6A0Y4jxyUga35SYpIZ2cNWlhy0lsfgqRenCpfymnJWEZ6mgpRgA==",
      "cpu": [
        "x64"
      ],
      "dev": true,
      "license": "MIT OR Apache-2.0",
      "optional": true,
      "os": [
        "darwin"
      ],
      "engines": {
        "node": ">=14.21.3"
      }
    },
    "node_modules/@biomejs/cli-linux-arm64": {
      "version": "2.5.14",
      "resolved": "https://registry.npmjs.org/@biomejs/cli-linux-arm64/-/cli-linux-arm64-2.5.14.tgz",
      "integrity": "sha512-vO/9BaU1n30CiFNLx49gMTMtbCAAqlo/EqFoG0BU3deQInTbJrmXSmTQ9e3FoDZIKQnvSLDVNL4lx1ci7y1T1Q==",
      "cpu": [
        "arm64"
      ],
      "dev": true,
      "libc": [
        "glibc"
      ],
      "license": "MIT OR Apache-2.0",
      "optional": true,
      "os": [
        "linux"
      ],
      "engines": {
        "node": ">=14.21.3"
      }
    },
    "node_modules/@biomejs/cli-linux-arm64-musl": {
      "version": "2.5.14",
      "resolved": "https://registry.npmjs.org/@biomejs/cli-linux-arm64-musl/-/cli-linux-arm64-musl-2.5.14.tgz",
      "integrity": "sha512-SJ9PrZkBnnH9dHJDnxk34vKs0GB2dbsioaft6/hPhWJ7AHpwYH83Isnhj0FSRpFkGgpVfJ1lds23ApB2czUDLQ==",
      "cpu": [
        "arm64"
      ],
      "dev": true,
      "libc": [
        "musl"
      ],
      "license": "MIT OR Apache-2.0",
      "optional": true,
      "os": [
        "linux"
      ],
      "engines": {
        "node": ">=14.21.3"
      }
    },
    "node_modules/@biomejs/cli-linux-x64": {
      "version": "2.5.14",
      "resolved": "https://registry.npmjs.org/@biomejs/cli-linux-x64/-/cli-linux-x64-2.5.14.tgz",
      "integrity": "sha512-VHZRa7CCQBUWKxNwUvHJeuW03WFRgN5NWO//SDGOitc9QIeNyfA42V9zlKm+x82xFSG9Bzi5fi+hbhm9anO8yA==",
      "cpu": [
        "x64"
      ],
      "dev": true,
      "libc": [
        "glibc"
      ],
      "license": "MIT OR Apache-2.0",
      "optional": true,
      "os": [
        "linux"
      ],
      "engines": {
        "node": ">=14.21.3"
      }
    },
    "node_modules/@biomejs/cli-linux-x64-musl": {
      "version": "2.5.14",
      "resolved": "https://registry.npmjs.org/@biomejs/cli-linux-x64-musl/-/cli-linux-x64-musl-2.5.14.tgz",
      "integrity": "sha512-2kI5PrMgW5dcEZYrstLPmUmCwkUwZY39rP4BN93Vxbwcs2O57LDQOktUZZYPvvspN5i0mhGr3TJtF5sU26NUWg==",
      "cpu": [
        "x64"
      ],
      "dev": true,
      "libc": [
        "musl"
      ],
      "license": "MIT OR Apache-2.0",
      "optional": true,
      "os": [
        "linux"
      ],
      "engines": {
        "node": ">=14.21.3"
      }
    },
    "node_modules/@biomejs/cli-win32-arm64": {
      "version": "2.5.14",
      "resolved": "https://registry.npmjs.org/@biomejs/cli-win32-arm64/-/cli-win32-arm64-2.5.14.tgz",
      "integrity": "sha512-pHgAFffmZtaYoxavEsWEYNvcA7NwOIjLyqw2HXyLbt16xYryX0L4fMV2u0G9ag6LNYPIoqWaWqzUcnc6rLGGXg==",
      "cpu": [
        "arm64"
      ],
      "dev": true,
      "license": "MIT OR Apache-2.0",
      "optional": true,
      "os": [
        "win32"
      ],
      "engines": {
        "node": ">=14.21.3"
      }
    },
    "node_modules/@biomejs/cli-win32-x64": {
      "version": "2.5.14",
      "resolved": "https://registry.npmjs.org/@biomejs/cli-win32-x64/-/cli-win32-x64-2.5.14.tgz",
      "integrity": "sha512-oJWmBhoHsnhUKIke+0gXDX0mltJrWHA1UyHsrTlXwX0TL64ilVZAo+TYZm97baecV0esBdpzy3k96q+09JaZUQ==",
      "cpu": [
        "x64"
      ],
      "dev": true,
      "license": "MIT OR Apache-2.0",
      "optional": true,
      "os": [
        "win32"
      ],
      "engines": {
        "node": ">=14.21.3"
      }
    },
    "node_modules/@hegeldev/hegel": {
      "version": "0.4.6",
      "resolved": "https://registry.npmjs.org/@hegeldev/hegel/-/hegel-0.4.6.tgz",
      "integrity": "sha512-G2KMZnzO4TOPg8qvL4I3VprMvIE1N5999vv6smO98Eony7PcJtw8abg4d4GPbH5XBGQKRAy/D+ne9+Q41i+HJQ==",
      "dev": true,
      "license": "MIT",
      "dependencies": {
        "koffi": "^3.0.2"
      },
      "engines": {
        "node": ">=20.11.0"
      },
      "optionalDependencies": {
        "@hegeldev/hegel-darwin-arm64": "0.4.6",
        "@hegeldev/hegel-linux-arm64": "0.4.6",
        "@hegeldev/hegel-linux-x64": "0.4.6",
        "@hegeldev/hegel-win32-arm64": "0.4.6",
        "@hegeldev/hegel-win32-x64": "0.4.6"
      }
    },
    "node_modules/@hegeldev/hegel-darwin-arm64": {
      "version": "0.4.6",
      "resolved": "https://registry.npmjs.org/@hegeldev/hegel-darwin-arm64/-/hegel-darwin-arm64-0.4.6.tgz",
      "integrity": "sha512-PkTxZsjJDYrKuLO+PuGA9bIkTdK5cQCMjBcwvA4cOcUNvjN7JY1POcNfM3OLFV8N1b4t3G34ALZBF6pkpPxYNg==",
      "cpu": [
        "arm64"
      ],
      "dev": true,
      "license": "MIT",
      "optional": true,
      "os": [
        "darwin"
      ],
      "engines": {
        "node": ">=20.11.0"
      }
    },
    "node_modules/@hegeldev/hegel-linux-arm64": {
      "version": "0.4.6",
      "resolved": "https://registry.npmjs.org/@hegeldev/hegel-linux-arm64/-/hegel-linux-arm64-0.4.6.tgz",
      "integrity": "sha512-uTpSYT6EqryH9qjH96gKfX3JWAah4pcEd8kMSy4FvnBzVkp74l/EP3iM5Wge3y9tuLwMK66w9gdrQTbf4C5YUQ==",
      "cpu": [
        "arm64"
      ],
      "dev": true,
      "license": "MIT",
      "optional": true,
      "os": [
        "linux"
      ],
      "engines": {
        "node": ">=20.11.0"
      }
    },
    "node_modules/@hegeldev/hegel-linux-x64": {
      "version": "0.4.6",
      "resolved": "https://registry.npmjs.org/@hegeldev/hegel-linux-x64/-/hegel-linux-x64-0.4.6.tgz",
      "integrity": "sha512-6usfA48D7XmU0rtbTkGeKqGdDMeBLMjwniW4UcYzHARIPTiSDu/BAMK2fUFpCzTApZ3bveAiuDcpv9qxaeO24A==",
      "cpu": [
        "x64"
      ],
      "dev": true,
      "license": "MIT",
      "optional": true,
      "os": [
        "linux"
      ],
      "engines": {
        "node": ">=20.11.0"
      }
    },
    "node_modules/@hegeldev/hegel-win32-arm64": {
      "version": "0.4.6",
      "resolved": "https://registry.npmjs.org/@hegeldev/hegel-win32-arm64/-/hegel-win32-arm64-0.4.6.tgz",
      "integrity": "sha512-7DkYyKzRzPek5BLgYgaBoAi8dsw1I05PYK+xPWyTiCF08N14MpR8Uu/DHeAf1cZVZzh/7GxCDyl50/pbf7RZ6g==",
      "cpu": [
        "arm64"
      ],
      "dev": true,
      "license": "MIT",
      "optional": true,
      "os": [
        "win32"
      ],
      "engines": {
        "node": ">=20.11.0"
      }
    },
    "node_modules/@hegeldev/hegel-win32-x64": {
      "version": "0.4.6",
      "resolved": "https://registry.npmjs.org/@hegeldev/hegel-win32-x64/-/hegel-win32-x64-0.4.6.tgz",
      "integrity": "sha512-9wn+uTpF6Dutik3FhhRcOwVdVYn3+KP9Re7Lcmm2h+Y/n5hMu9V6CSXSYUcZQ4sAmuwT6JQdT8QNxOL+m+WT2w==",
      "cpu": [
        "x64"
      ],
      "dev": true,
      "license": "MIT",
      "optional": true,
      "os": [
        "win32"
      ],
      "engines": {
        "node": ">=20.11.0"
      }
    },
    "node_modules/@koromix/koffi-android-arm64": {
      "version": "3.3.1",
      "resolved": "https://registry.npmjs.org/@koromix/koffi-android-arm64/-/koffi-android-arm64-3.3.1.tgz",
      "integrity": "sha512-S3yMzUGca5UJRioY7wdBjeO+LuW9mQhrksL+Wd5ri1X7kWMB2IGLzrT1mn1xqx02Vicgvuy5GtkhHuxG5mkzYw==",
      "cpu": [
        "arm64"
      ],
      "dev": true,
      "license": "MIT",
      "optional": true,
      "os": [
        "android"
      ],
      "funding": {
        "url": "https://liberapay.com/Koromix"
      }
    },
    "node_modules/@koromix/koffi-android-x64": {
      "version": "3.3.1",
      "resolved": "https://registry.npmjs.org/@koromix/koffi-android-x64/-/koffi-android-x64-3.3.1.tgz",
      "integrity": "sha512-QaKSyVi37j19CfN2tR3q8lQMosZ+mQIOQXcNQmWXfYDUs9x2CSCxzvMTeQyFyGdAqB58dBluEiy8V5ZMvARSHg==",
      "cpu": [
        "x64"
      ],
      "dev": true,
      "license": "MIT",
      "optional": true,
      "os": [
        "android"
      ],
      "funding": {
        "url": "https://liberapay.com/Koromix"
      }
    },
    "node_modules/@koromix/koffi-darwin-arm64": {
      "version": "3.3.1",
      "resolved": "https://registry.npmjs.org/@koromix/koffi-darwin-arm64/-/koffi-darwin-arm64-3.3.1.tgz",
      "integrity": "sha512-xVLQMZzACn6TQJsGp/mBF71mfRyuhmxTBGcQLfJM59YArNN/9+1JV8FFCElmgspffijASZsLwbSEdPwZMNeDhQ==",
      "cpu": [
        "arm64"
      ],
      "dev": true,
      "license": "MIT",
      "optional": true,
      "os": [
        "darwin"
      ],
      "funding": {
        "url": "https://liberapay.com/Koromix"
      }
    },
    "node_modules/@koromix/koffi-darwin-x64": {
      "version": "3.3.1",
      "resolved": "https://registry.npmjs.org/@koromix/koffi-darwin-x64/-/koffi-darwin-x64-3.3.1.tgz",
      "integrity": "sha512-+VGqqnBQvR+AbAbRyRDsxK0D6wwAivUURWsyVX8NhR5agf+0+sSAdNMsSy+9DyO7CmioTUVwV+Do+12uWnFrmA==",
      "cpu": [
        "x64"
      ],
      "dev": true,
      "license": "MIT",
      "optional": true,
      "os": [
        "darwin"
      ],
      "funding": {
        "url": "https://liberapay.com/Koromix"
      }
    },
    "node_modules/@koromix/koffi-freebsd-arm64": {
      "version": "3.3.1",
      "resolved": "https://registry.npmjs.org/@koromix/koffi-freebsd-arm64/-/koffi-freebsd-arm64-3.3.1.tgz",
      "integrity": "sha512-oPkfxEiLiZs1jV6qqw3DzZy3aigzOb9mGbRtK6ENNgoiZ2QdAw55cXUTOMNiAwgbkBwt7SsorFdUnYUuP5b0Gg==",
      "cpu": [
        "arm64"
      ],
      "dev": true,
      "license": "MIT",
      "optional": true,
      "os": [
        "freebsd"
      ],
      "funding": {
        "url": "https://liberapay.com/Koromix"
      }
    },
    "node_modules/@koromix/koffi-freebsd-ia32": {
      "version": "3.3.1",
      "resolved": "https://registry.npmjs.org/@koromix/koffi-freebsd-ia32/-/koffi-freebsd-ia32-3.3.1.tgz",
      "integrity": "sha512-uLb93keIlk6TkECtb17z2d5nehEIJ2labIXF0ava3s+9w7VE7QZUw3O2IQVq4t95sIm5rMoE1Y+cFa0aN6444w==",
      "cpu": [
        "ia32"
      ],
      "dev": true,
      "license": "MIT",
      "optional": true,
      "os": [
        "freebsd"
      ],
      "funding": {
        "url": "https://liberapay.com/Koromix"
      }
    },
    "node_modules/@koromix/koffi-freebsd-x64": {
      "version": "3.3.1",
      "resolved": "https://registry.npmjs.org/@koromix/koffi-freebsd-x64/-/koffi-freebsd-x64-3.3.1.tgz",
      "integrity": "sha512-+Iuh+m5Ln0fjubgw/6bzEkliBcFBIFWWL7IqzmktPy0Q0Bq+XCGtUf+5/KTlodYlTOLv/SE/YTbVkk3c02+E6w==",
      "cpu": [
        "x64"
      ],
      "dev": true,
      "license": "MIT",
      "optional": true,
      "os": [
        "freebsd"
      ],
      "funding": {
        "url": "https://liberapay.com/Koromix"
      }
    },
    "node_modules/@koromix/koffi-linux-arm": {
      "version": "3.3.1",
      "resolved": "https://registry.npmjs.org/@koromix/koffi-linux-arm/-/koffi-linux-arm-3.3.1.tgz",
      "integrity": "sha512-rE6QypE/h4nDHPlzzVPok5W2gL5CopvBYI44lJXO2SauxVAeV86bbf+ucmF/toYENdjF0DBdY7GbloyixwQpPQ==",
      "cpu": [
        "arm"
      ],
      "dev": true,
      "license": "MIT",
      "optional": true,
      "os": [
        "linux"
      ],
      "funding": {
        "url": "https://liberapay.com/Koromix"
      }
    },
    "node_modules/@koromix/koffi-linux-arm64": {
      "version": "3.3.1",
      "resolved": "https://registry.npmjs.org/@koromix/koffi-linux-arm64/-/koffi-linux-arm64-3.3.1.tgz",
      "integrity": "sha512-Itv2N+TvBFTSdEZdokM4ydjbBwr6GNKd51+UXoh/5HVXALBRnMQek2QhBnG7z6H9+/p2SB4rqBnvhuLQpv4B7g==",
      "cpu": [
        "arm64"
      ],
      "dev": true,
      "license": "MIT",
      "optional": true,
      "os": [
        "linux"
      ],
      "funding": {
        "url": "https://liberapay.com/Koromix"
      }
    },
    "node_modules/@koromix/koffi-linux-ia32": {
      "version": "3.3.1",
      "resolved": "https://registry.npmjs.org/@koromix/koffi-linux-ia32/-/koffi-linux-ia32-3.3.1.tgz",
      "integrity": "sha512-pb1NJ/Ih4MAPB1e2koQOKxGtLuPWKMT3QXxBrPptkkkDz/XpV6+bAA4ys7amXxpA0ybM2u/+VM0gGzdJRThkRg==",
      "cpu": [
        "ia32"
      ],
      "dev": true,
      "license": "MIT",
      "optional": true,
      "os": [
        "linux"
      ],
      "funding": {
        "url": "https://liberapay.com/Koromix"
      }
    },
    "node_modules/@koromix/koffi-linux-loong64": {
      "version": "3.3.1",
      "resolved": "https://registry.npmjs.org/@koromix/koffi-linux-loong64/-/koffi-linux-loong64-3.3.1.tgz",
      "integrity": "sha512-RdS57JuF39tLXS/yYq4KlFnU7CMrn1+x/4v171bji+1aPYOXPxzYDAJVjapv/6tnrESrMTnfWIja3jfzieFmpQ==",
      "cpu": [
        "loong64"
      ],
      "dev": true,
      "license": "MIT",
      "optional": true,
      "os": [
        "linux"
      ],
      "funding": {
        "url": "https://liberapay.com/Koromix"
      }
    },
    "node_modules/@koromix/koffi-linux-ppc64": {
      "version": "3.3.1",
      "resolved": "https://registry.npmjs.org/@koromix/koffi-linux-ppc64/-/koffi-linux-ppc64-3.3.1.tgz",
      "integrity": "sha512-nmOTpQQS5pWG73X01y7K70JQaL+5T/v04i0G4BtXDAxQq3WHmyeJCgmdHhz5W0JVtjHicitSZoothTspAopF9A==",
      "cpu": [
        "ppc64"
      ],
      "dev": true,
      "license": "MIT",
      "optional": true,
      "os": [
        "linux"
      ],
      "funding": {
        "url": "https://liberapay.com/Koromix"
      }
    },
    "node_modules/@koromix/koffi-linux-riscv64": {
      "version": "3.3.1",
      "resolved": "https://registry.npmjs.org/@koromix/koffi-linux-riscv64/-/koffi-linux-riscv64-3.3.1.tgz",
      "integrity": "sha512-mk0Av5QmK0BPD3OHytOThVhEe4VCTrYv3+em6h75E1rNYiCfixzeh3d5+s5x2vCaby8zzxvNd39sO89Bp1juwg==",
      "cpu": [
        "riscv64"
      ],
      "dev": true,
      "license": "MIT",
      "optional": true,
      "os": [
        "linux"
      ],
      "funding": {
        "url": "https://liberapay.com/Koromix"
      }
    },
    "node_modules/@koromix/koffi-linux-x64": {
      "version": "3.3.1",
      "resolved": "https://registry.npmjs.org/@koromix/koffi-linux-x64/-/koffi-linux-x64-3.3.1.tgz",
      "integrity": "sha512-uU5cJNe145TvITqrUWvBmZO4WLNObdZ2Gnm8eNk/OdrhRFG9LB44RUv07aQwPbdo1438j+Cr+tFNnpjTBadZFQ==",
      "cpu": [
        "x64"
      ],
      "dev": true,
      "license": "MIT",
      "optional": true,
      "os": [
        "linux"
      ],
      "funding": {
        "url": "https://liberapay.com/Koromix"
      }
    },
    "node_modules/@koromix/koffi-openbsd-arm64": {
      "version": "3.3.1",
      "resolved": "https://registry.npmjs.org/@koromix/koffi-openbsd-arm64/-/koffi-openbsd-arm64-3.3.1.tgz",
      "integrity": "sha512-owXmXHI+5kkDyVjqGPfPgIHIzH1swsGY+YNbQ4ozkO23UKzJElAtmQPcmA1pQwiDCeyojHEelgd9+BV58uOIkA==",
      "cpu": [
        "arm64"
      ],
      "dev": true,
      "license": "MIT",
      "optional": true,
      "os": [
        "openbsd"
      ],
      "funding": {
        "url": "https://liberapay.com/Koromix"
      }
    },
    "node_modules/@koromix/koffi-openbsd-ia32": {
      "version": "3.3.1",
      "resolved": "https://registry.npmjs.org/@koromix/koffi-openbsd-ia32/-/koffi-openbsd-ia32-3.3.1.tgz",
      "integrity": "sha512-fvIKWycDdc9XL3ATQT0uvt/j82EB3/JWzJU4yqUCJbMotTP8mvo/c1D1Jus4mO+fNGEYM33YuFDkJcQkHJd9Dg==",
      "cpu": [
        "ia32"
      ],
      "dev": true,
      "license": "MIT",
      "optional": true,
      "os": [
        "openbsd"
      ],
      "funding": {
        "url": "https://liberapay.com/Koromix"
      }
    },
    "node_modules/@koromix/koffi-openbsd-x64": {
      "version": "3.3.1",
      "resolved": "https://registry.npmjs.org/@koromix/koffi-openbsd-x64/-/koffi-openbsd-x64-3.3.1.tgz",
      "integrity": "sha512-UYk2xNAK5wEyskLtrgTRt+2lwfBOvgaK8UJDz4B2qm57VvRrqb7ye1hzKFZrRVa8NWRPUk6W/zsqZyFHu4BoLA==",
      "cpu": [
        "x64"
      ],
      "dev": true,
      "license": "MIT",
      "optional": true,
      "os": [
        "openbsd"
      ],
      "funding": {
        "url": "https://liberapay.com/Koromix"
      }
    },
    "node_modules/@koromix/koffi-win32-arm64": {
      "version": "3.3.1",
      "resolved": "https://registry.npmjs.org/@koromix/koffi-win32-arm64/-/koffi-win32-arm64-3.3.1.tgz",
      "integrity": "sha512-SZsmAWUKxBHdUR6Z5IJTslOOy0VEFHxoDHMZkn3k0P5TuP/aOZfQYoEa34UwnLI8t2Fmgyhmympth+39tR/XUw==",
      "cpu": [
        "arm64"
      ],
      "dev": true,
      "license": "MIT",
      "optional": true,
      "os": [
        "win32"
      ],
      "funding": {
        "url": "https://liberapay.com/Koromix"
      }
    },
    "node_modules/@koromix/koffi-win32-ia32": {
      "version": "3.3.1",
      "resolved": "https://registry.npmjs.org/@koromix/koffi-win32-ia32/-/koffi-win32-ia32-3.3.1.tgz",
      "integrity": "sha512-pARisOvxCPkk6Wg1HkwRCnrkJIVS31kDweWLo+bQay/Dr1915s7skVydWpTKS30EcfOh4Jay7B4c0dgamTLBHg==",
      "cpu": [
        "ia32"
      ],
      "dev": true,
      "license": "MIT",
      "optional": true,
      "os": [
        "win32"
      ],
      "funding": {
        "url": "https://liberapay.com/Koromix"
      }
    },
    "node_modules/@koromix/koffi-win32-x64": {
      "version": "3.3.1",
      "resolved": "https://registry.npmjs.org/@koromix/koffi-win32-x64/-/koffi-win32-x64-3.3.1.tgz",
      "integrity": "sha512-LYoO19cTIA7xjl+3s4VeGagCAO38VNXZ969DNszb1wTwJUjrHLrAbHFkk8fYkXineM3HJkFwElW0VLmZqXcfRg==",
      "cpu": [
        "x64"
      ],
      "dev": true,
      "license": "MIT",
      "optional": true,
      "os": [
        "win32"
      ],
      "funding": {
        "url": "https://liberapay.com/Koromix"
      }
    },
    "node_modules/koffi": {
      "version": "3.3.1",
      "resolved": "https://registry.npmjs.org/koffi/-/koffi-3.3.1.tgz",
      "integrity": "sha512-FZYfhBfYQr/cmHhZpaQ9rhbKpkjHhxaytn2A0mbPhiD5yV8QzF3SiQwR1w/34rCJ1fw+6qBQSj/ZoXRdC+Xc2Q==",
      "dev": true,
      "hasInstallScript": true,
      "license": "MIT",
      "funding": {
        "url": "https://liberapay.com/Koromix"
      },
      "optionalDependencies": {
        "@koromix/koffi-android-arm64": "3.3.1",
        "@koromix/koffi-android-x64": "3.3.1",
        "@koromix/koffi-darwin-arm64": "3.3.1",
        "@koromix/koffi-darwin-x64": "3.3.1",
        "@koromix/koffi-freebsd-arm64": "3.3.1",
        "@koromix/koffi-freebsd-ia32": "3.3.1",
        "@koromix/koffi-freebsd-x64": "3.3.1",
        "@koromix/koffi-linux-arm": "3.3.1",
        "@koromix/koffi-linux-arm64": "3.3.1",
        "@koromix/koffi-linux-ia32": "3.3.1",
        "@koromix/koffi-linux-loong64": "3.3.1",
        "@koromix/koffi-linux-ppc64": "3.3.1",
        "@koromix/koffi-linux-riscv64": "3.3.1",
        "@koromix/koffi-linux-x64": "3.3.1",
        "@koromix/koffi-openbsd-arm64": "3.3.1",
        "@koromix/koffi-openbsd-ia32": "3.3.1",
        "@koromix/koffi-openbsd-x64": "3.3.1",
        "@koromix/koffi-win32-arm64": "3.3.1",
        "@koromix/koffi-win32-ia32": "3.3.1",
        "@koromix/koffi-win32-x64": "3.3.1"
      }
    },
    "node_modules/node-addon-api": {
      "version": "8.9.2",
      "resolved": "https://registry.npmjs.org/node-addon-api/-/node-addon-api-8.9.2.tgz",
      "integrity": "sha512-VijLXbi3UACN69I0JVXJsX4tjACjNoQDgv2gTF6sx2wWEi8tkSg2eX8p5gSIFi8z2+DL3oHmY6OyKce38SDolg==",
      "license": "MIT",
      "engines": {
        "node": "^18 || ^20 || >= 21"
      }
    },
    "node_modules/node-gyp-build": {
      "version": "4.8.4",
      "resolved": "https://registry.npmjs.org/node-gyp-build/-/node-gyp-build-4.8.4.tgz",
      "integrity": "sha512-LA4ZjwlnUblHVgq0oBF3Jl/6h/Nvs5fzBLwdEF4nuxnFdsfajde4WfxtJr3CaiH+F6ewcIB/q4jQ4UzPyid+CQ==",
      "license": "MIT",
      "bin": {
        "node-gyp-build": "bin.js",
        "node-gyp-build-optional": "optional.js",
        "node-gyp-build-test": "build-test.js"
      }
    },
    "node_modules/tree-sitter": {
      "version": "0.25.1",
      "resolved": "https://registry.npmjs.org/tree-sitter/-/tree-sitter-0.25.1.tgz",
      "integrity": "sha512-mrcEdkYtHfrK1A6fs3O6FxkBo0Qig5XUXqHhxUOQu0bmPo00QF4XaSx4edpazdHwxnSCjlGKGgIqWdaN4dvTLA==",
      "dev": true,
      "hasInstallScript": true,
      "license": "MIT",
      "dependencies": {
        "node-addon-api": "^8.5.0",
        "node-gyp-build": "^4.8.4"
      }
    },
    "node_modules/tree-sitter-cli": {
      "version": "0.25.10",
      "resolved": "https://registry.npmjs.org/tree-sitter-cli/-/tree-sitter-cli-0.25.10.tgz",
      "integrity": "sha512-KoebQguKMCIghisEOdA372TIbrUl0kdnfZ9YQIBRAeOvNSKe85XbU4LuFW7hduRUwJj0rAG7pX5wo9sZhbBF1g==",
      "dev": true,
      "hasInstallScript": true,
      "license": "MIT",
      "bin": {
        "tree-sitter": "cli.js"
      },
      "engines": {
        "node": ">=12.0.0"
      }
    }
  }
}
